
Microsoft Visual Studio Solution File, Format Version 12.00
# Visual Studio Version 16
VisualStudioVersion = 16.0.30330.147
MinimumVisualStudioVersion = 10.0.40219.1
Project("{FAE04EC0-301F-11D3-BF4B-00C04F79EFBC}") = "BnS Cash Shop Editor", "BnS Cash Shop Editor\BnS Cash Shop Editor.csproj", "{5446E550-3E64-4718-B9A4-112790296F11}"
EndProject
Global
	GlobalSection(SolutionConfigurationPlatforms) = preSolution
		Debug|Any CPU = Debug|Any CPU
		Release|Any CPU = Release|Any CPU
	EndGlobalSection
	GlobalSection(ProjectConfigurationPlatforms) = postSolution
		{5446E550-3E64-4718-B9A4-112790296F11}.Debug|Any CPU.ActiveCfg = Debug|Any CPU
		{5446E550-3E64-4718-B9A4-112790296F11}.Debug|Any CPU.Build.0 = Debug|Any CPU
		{5446E550-3E64-4718-B9A4-112790296F11}.Release|Any CPU.ActiveCfg = Release|Any CPU
		{5446E550-3E64-4718-B9A4-112790296F11}.Release|Any CPU.Build.0 = Release|Any CPU
	EndGlobalSection
	GlobalSection(SolutionProperties) = preSolution
		HideSolutionNode = FALSE
	EndGlobalSection
	GlobalSection(ExtensibilityGlobals) = postSolution
		SolutionGuid = {F6F8409C-5522-4F4F-A6FF-0E1D24CC7C0E}
	EndGlobalSection
EndGlobal
